
Microsoft Visual Studio Solution File, Format Version 12.00
# Visual Studio Version 17
VisualStudioVersion = 17.6.33513.286
MinimumVisualStudioVersion = 10.0.40219.1
Project("{FAE04EC0-301F-11D3-BF4B-00C04F79EFBC}") = "KspControlCli", "KspControlCli\KspControlCli.csproj", "{642B65BF-66D0-4D26-A3D2-F74EB56242D6}"
EndProject
Project("{FAE04EC0-301F-11D3-BF4B-00C04F79EFBC}") = "KspBlazor", "KspBlazor\KspBlazor.csproj", "{832B9412-0A43-4BE7-AAB1-97DA2AF58447}"
EndProject
Global
	GlobalSection(SolutionConfigurationPlatforms) = preSolution
		Debug|Any CPU = Debug|Any CPU
		Release|Any CPU = Release|Any CPU
	EndGlobalSection
	GlobalSection(ProjectConfigurationPlatforms) = postSolution
		{642B65BF-66D0-4D26-A3D2-F74EB56242D6}.Debug|Any CPU.ActiveCfg = Debug|Any CPU
		{642B65BF-66D0-4D26-A3D2-F74EB56242D6}.Debug|Any CPU.Build.0 = Debug|Any CPU
		{642B65BF-66D0-4D26-A3D2-F74EB56242D6}.Release|Any CPU.ActiveCfg = Release|Any CPU
		{642B65BF-66D0-4D26-A3D2-F74EB56242D6}.Release|Any CPU.Build.0 = Release|Any CPU
		{832B9412-0A43-4BE7-AAB1-97DA2AF58447}.Debug|Any CPU.ActiveCfg = Debug|Any CPU
		{832B9412-0A43-4BE7-AAB1-97DA2AF58447}.Debug|Any CPU.Build.0 = Debug|Any CPU
		{832B9412-0A43-4BE7-AAB1-97DA2AF58447}.Release|Any CPU.ActiveCfg = Release|Any CPU
		{832B9412-0A43-4BE7-AAB1-97DA2AF58447}.Release|Any CPU.Build.0 = Release|Any CPU
	EndGlobalSection
	GlobalSection(SolutionProperties) = preSolution
		HideSolutionNode = FALSE
	EndGlobalSection
	GlobalSection(ExtensibilityGlobals) = postSolution
		SolutionGuid = {242120EA-955E-4303-9E91-AFAB2944A647}
	EndGlobalSection
EndGlobal
